
Microsoft Visual Studio Solution File, Format Version 12.00
# Visual Studio 14
VisualStudioVersion = 14.0.25420.1
MinimumVisualStudioVersion = 10.0.40219.1
Project("{8BC9CEB8-8B4A-11D0-8D11-00A0C91BC942}") = "Counting_sort", "Counting_sort\Counting_sort.vcxproj", "{5C02D03F-6DD8-4128-8CA5-456BF64C51BC}"
EndProject
Project("{8BC9CEB8-8B4A-11D0-8D11-00A0C91BC942}") = "Insertion_sort", "Insertion_sort\Insertion_sort.vcxproj", "{93404E4C-EEEE-45B3-9A88-8111CDD46D92}"
EndProject
Project("{8BC9CEB8-8B4A-11D0-8D11-00A0C91BC942}") = "MergeSort", "MergeSort\MergeSort.vcxproj", "{37620B91-7651-4DEA-84D1-242ED42C1136}"
EndProject
Project("{8BC9CEB8-8B4A-11D0-8D11-00A0C91BC942}") = "Tree", "Tree\Tree.vcxproj", "{8D0C0EE5-BC23-43D0-B706-9BE0AA4BDA44}"
EndProject
Project("{8BC9CEB8-8B4A-11D0-8D11-00A0C91BC942}") = "Dijkstra", "Dijkstra\Dijkstra.vcxproj", "{D7EF8D20-1176-4871-A6C8-95C5A981AE23}"
EndProject
Project("{8BC9CEB8-8B4A-11D0-8D11-00A0C91BC942}") = "Floyd", "Floyd\Floyd.vcxproj", "{EB5D2AC7-FB48-4EA5-8EA0-983B1FD9C293}"
EndProject
Global
	GlobalSection(SolutionConfigurationPlatforms) = preSolution
		Debug|x64 = Debug|x64
		Debug|x86 = Debug|x86
		Release|x64 = Release|x64
		Release|x86 = Release|x86
	EndGlobalSection
	GlobalSection(ProjectConfigurationPlatforms) = postSolution
		{5C02D03F-6DD8-4128-8CA5-456BF64C51BC}.Debug|x64.ActiveCfg = Debug|x64
		{5C02D03F-6DD8-4128-8CA5-456BF64C51BC}.Debug|x64.Build.0 = Debug|x64
		{5C02D03F-6DD8-4128-8CA5-456BF64C51BC}.Debug|x86.ActiveCfg = Debug|Win32
		{5C02D03F-6DD8-4128-8CA5-456BF64C51BC}.Debug|x86.Build.0 = Debug|Win32
		{5C02D03F-6DD8-4128-8CA5-456BF64C51BC}.Release|x64.ActiveCfg = Release|x64
		{5C02D03F-6DD8-4128-8CA5-456BF64C51BC}.Release|x64.Build.0 = Release|x64
		{5C02D03F-6DD8-4128-8CA5-456BF64C51BC}.Release|x86.ActiveCfg = Release|Win32
		{5C02D03F-6DD8-4128-8CA5-456BF64C51BC}.Release|x86.Build.0 = Release|Win32
		{93404E4C-EEEE-45B3-9A88-8111CDD46D92}.Debug|x64.ActiveCfg = Debug|x64
		{93404E4C-EEEE-45B3-9A88-8111CDD46D92}.Debug|x64.Build.0 = Debug|x64
		{93404E4C-EEEE-45B3-9A88-8111CDD46D92}.Debug|x86.ActiveCfg = Debug|Win32
		{93404E4C-EEEE-45B3-9A88-8111CDD46D92}.Debug|x86.Build.0 = Debug|Win32
		{93404E4C-EEEE-45B3-9A88-8111CDD46D92}.Release|x64.ActiveCfg = Release|x64
		{93404E4C-EEEE-45B3-9A88-8111CDD46D92}.Release|x64.Build.0 = Release|x64
		{93404E4C-EEEE-45B3-9A88-8111CDD46D92}.Release|x86.ActiveCfg = Release|Win32
		{93404E4C-EEEE-45B3-9A88-8111CDD46D92}.Release|x86.Build.0 = Release|Win32
		{37620B91-7651-4DEA-84D1-242ED42C1136}.Debug|x64.ActiveCfg = Debug|x64
		{37620B91-7651-4DEA-84D1-242ED42C1136}.Debug|x64.Build.0 = Debug|x64
		{37620B91-7651-4DEA-84D1-242ED42C1136}.Debug|x86.ActiveCfg = Debug|Win32
		{37620B91-7651-4DEA-84D1-242ED42C1136}.Debug|x86.Build.0 = Debug|Win32
		{37620B91-7651-4DEA-84D1-242ED42C1136}.Release|x64.ActiveCfg = Release|x64
		{37620B91-7651-4DEA-84D1-242ED42C1136}.Release|x64.Build.0 = Release|x64
		{37620B91-7651-4DEA-84D1-242ED42C1136}.Release|x86.ActiveCfg = Release|Win32
		{37620B91-7651-4DEA-84D1-242ED42C1136}.Release|x86.Build.0 = Release|Win32
		{8D0C0EE5-BC23-43D0-B706-9BE0AA4BDA44}.Debug|x64.ActiveCfg = Debug|x64
		{8D0C0EE5-BC23-43D0-B706-9BE0AA4BDA44}.Debug|x64.Build.0 = Debug|x64
		{8D0C0EE5-BC23-43D0-B706-9BE0AA4BDA44}.Debug|x86.ActiveCfg = Debug|Win32
		{8D0C0EE5-BC23-43D0-B706-9BE0AA4BDA44}.Debug|x86.Build.0 = Debug|Win32
		{8D0C0EE5-BC23-43D0-B706-9BE0AA4BDA44}.Release|x64.ActiveCfg = Release|x64
		{8D0C0EE5-BC23-43D0-B706-9BE0AA4BDA44}.Release|x64.Build.0 = Release|x64
		{8D0C0EE5-BC23-43D0-B706-9BE0AA4BDA44}.Release|x86.ActiveCfg = Release|Win32
		{8D0C0EE5-BC23-43D0-B706-9BE0AA4BDA44}.Release|x86.Build.0 = Release|Win32
		{D7EF8D20-1176-4871-A6C8-95C5A981AE23}.Debug|x64.ActiveCfg = Debug|x64
		{D7EF8D20-1176-4871-A6C8-95C5A981AE23}.Debug|x64.Build.0 = Debug|x64
		{D7EF8D20-1176-4871-A6C8-95C5A981AE23}.Debug|x86.ActiveCfg = Debug|Win32
		{D7EF8D20-1176-4871-A6C8-95C5A981AE23}.Debug|x86.Build.0 = Debug|Win32
		{D7EF8D20-1176-4871-A6C8-95C5A981AE23}.Release|x64.ActiveCfg = Release|x64
		{D7EF8D20-1176-4871-A6C8-95C5A981AE23}.Release|x64.Build.0 = Release|x64
		{D7EF8D20-1176-4871-A6C8-95C5A981AE23}.Release|x86.ActiveCfg = Release|Win32
		{D7EF8D20-1176-4871-A6C8-95C5A981AE23}.Release|x86.Build.0 = Release|Win32
		{EB5D2AC7-FB48-4EA5-8EA0-983B1FD9C293}.Debug|x64.ActiveCfg = Debug|x64
		{EB5D2AC7-FB48-4EA5-8EA0-983B1FD9C293}.Debug|x64.Build.0 = Debug|x64
		{EB5D2AC7-FB48-4EA5-8EA0-983B1FD9C293}.Debug|x86.ActiveCfg = Debug|Win32
		{EB5D2AC7-FB48-4EA5-8EA0-983B1FD9C293}.Debug|x86.Build.0 = Debug|Win32
		{EB5D2AC7-FB48-4EA5-8EA0-983B1FD9C293}.Release|x64.ActiveCfg = Release|x64
		{EB5D2AC7-FB48-4EA5-8EA0-983B1FD9C293}.Release|x64.Build.0 = Release|x64
		{EB5D2AC7-FB48-4EA5-8EA0-983B1FD9C293}.Release|x86.ActiveCfg = Release|Win32
		{EB5D2AC7-FB48-4EA5-8EA0-983B1FD9C293}.Release|x86.Build.0 = Release|Win32
	EndGlobalSection
	GlobalSection(SolutionProperties) = preSolution
		HideSolutionNode = FALSE
	EndGlobalSection
EndGlobal
